{
  "name": "dynamic-form-builder",
  "version": "1.0.0",
  "lockfileVersion": 3,
  "requires": true,
  "packages": {
    "": {
      "name": "dynamic-form-builder",
      "version": "1.0.0",
      "license": "MPL-2.0",
      "devDependencies": {
        "rollup": "^4.39.0"
      }
    },
    "node_modules/@rollup/rollup-linux-x64-gnu": {
      "version": "4.39.0",
      "resolved": "https://registry.npmjs.org/@rollup/rollup-linux-x64-gnu/-/rollup-linux-x64-gnu-4.39.0.tgz",
      "integrity": "sha512-t9jqYw27R6Lx0XKfEFe5vUeEJ5pF3SGIM6gTfONSMb7DuG6z6wfj2yjcoZxHg129veTqU7+wOhY6GX8wmf90dA==",
      "cpu": [
        "x64"
      ],
      "dev": true,
      "optional": true,
      "os": [
        "linux"
      ]
    },
    "node_modules/@rollup/rollup-linux-x64-musl": {
      "version": "4.39.0",
      "resolved": "https://registry.npmjs.org/@rollup/rollup-linux-x64-musl/-/rollup-linux-x64-musl-4.39.0.tgz",
      "integrity": "sha512-ThFdkrFDP55AIsIZDKSBWEt/JcWlCzydbZHinZ0F/r1h83qbGeenCt/G/wG2O0reuENDD2tawfAj2s8VK7Bugg==",
      "cpu": [
        "x64"
      ],
      "dev": true,
      "optional": true,
      "os": [
        "linux"
      ]
    },
    "node_modules/@types/estree": {
      "version": "1.0.7",
      "resolved": "https://registry.npmjs.org/@types/estree/-/estree-1.0.7.tgz",
      "integrity": "sha512-w28IoSUCJpidD/TGviZwwMJckNESJZXFu7NBZ5YJ4mEUnNraUn9Pm8HSZm/jDF1pDWYKspWE7oVphigUPRakIQ==",
      "dev": true
    },
    "node_modules/rollup": {
      "version": "4.39.0",
      "resolved": "https://registry.npmjs.org/rollup/-/rollup-4.39.0.tgz",
      "integrity": "sha512-thI8kNc02yNvnmJp8dr3fNWJ9tCONDhp6TV35X6HkKGGs9E6q7YWCHbe5vKiTa7TAiNcFEmXKj3X/pG2b3ci0g==",
      "dev": true,
      "dependencies": {
        "@types/estree": "1.0.7"
      },
      "bin": {
        "rollup": "dist/bin/rollup"
      },
      "engines": {
        "node": ">=18.0.0",
        "npm": ">=8.0.0"
      },
      "optionalDependencies": {
        "@rollup/rollup-android-arm-eabi": "4.39.0",
        "@rollup/rollup-android-arm64": "4.39.0",
        "@rollup/rollup-darwin-arm64": "4.39.0",
        "@rollup/rollup-darwin-x64": "4.39.0",
        "@rollup/rollup-freebsd-arm64": "4.39.0",
        "@rollup/rollup-freebsd-x64": "4.39.0",
        "@rollup/rollup-linux-arm-gnueabihf": "4.39.0",
        "@rollup/rollup-linux-arm-musleabihf": "4.39.0",
        "@rollup/rollup-linux-arm64-gnu": "4.39.0",
        "@rollup/rollup-linux-arm64-musl": "4.39.0",
        "@rollup/rollup-linux-loongarch64-gnu": "4.39.0",
        "@rollup/rollup-linux-powerpc64le-gnu": "4.39.0",
        "@rollup/rollup-linux-riscv64-gnu": "4.39.0",
        "@rollup/rollup-linux-riscv64-musl": "4.39.0",
        "@rollup/rollup-linux-s390x-gnu": "4.39.0",
        "@rollup/rollup-linux-x64-gnu": "4.39.0",
        "@rollup/rollup-linux-x64-musl": "4.39.0",
        "@rollup/rollup-win32-arm64-msvc": "4.39.0",
        "@rollup/rollup-win32-ia32-msvc": "4.39.0",
        "@rollup/rollup-win32-x64-msvc": "4.39.0",
        "fsevents": "~2.3.2"
      }
    }
  }
}
